{
  "name": "@webuitoolkit/workspace",
  "version": "0.0.0-private",
  "lockfileVersion": 3,
  "requires": true,
  "packages": {
    "": {
      "name": "@webuitoolkit/workspace",
      "version": "0.0.0-private",
      "workspaces": [
        "web/packages/*"
      ],
      "engines": {
        "node": "24.18.x",
        "npm": "11.16.x"
      }
    }
  }
}
