{
  "version": 2,
  "dependencies": {
    "net10.0": {
      "RunicTextResources": {
        "type": "Direct",
        "requested": "[0.1.0-preview.2.1, )",
        "resolved": "0.1.0-preview.2.1",
        "contentHash": "vbxubzgZnBba0VrOBqaM9Q3ESz/8iN9/ra3LIzwoIqgGB64nBi/ShiCazWFPMYqHzxFBCf8eVmFJ+WWazj35tw=="
      },
      "RunicTextResources.Build": {
        "type": "Direct",
        "requested": "[0.1.0-preview.2.1, )",
        "resolved": "0.1.0-preview.2.1",
        "contentHash": "g5neQQzJBa3uskXj+soptheW0G6x/vuPMO4/blRqTgvhBQvascgrQjMk6GOUeaPtJWYapnV+MYUhodN6cxFxWQ=="
      },
      "RunicTextResources.Generator": {
        "type": "Direct",
        "requested": "[0.1.0-preview.2.1, )",
        "resolved": "0.1.0-preview.2.1",
        "contentHash": "8rwumayNfvMLz+VMP4bMMGV0gz3R28566IaXhQTrGqeFsBRhaV1XHJwbP6BXKcpfMxrihF0BYe4AK0RkSvPvHw==",
        "dependencies": {
          "RunicTextResources": "[0.1.0-preview.2.1]"
        }
      }
    }
  }
}