{
  "version": 1,
  "dependencies": {
    "net10.0": {
      "WebUIToolkit.CommandLine": {
        "type": "Direct",
        "requested": "[1.0.0, 1.0.0]",
        "resolved": "1.0.0",
        "contentHash": "KxCgDNQr3V4sPClnrROTWnelFEJUEtEfw8UGu67e780Ym+1tkqKvhmWCYwyNbg4UM3EZLd/OJ3CvSq27aq5h4Q==",
        "dependencies": {
          "WebUIToolkit.CommandLine.Abstractions": "1.0.0"
        }
      },
      "WebUIToolkit.DependencyNotices.Runtime": {
        "type": "Direct",
        "requested": "[1.0.0, 1.0.0]",
        "resolved": "1.0.0",
        "contentHash": "ge3G2o6YYF58uFb4XONbzSGm5jojST8eupllK4+7blwVSshh2JGCotlPhb+u3Guq6HaV127q+/NQq8umnXG87w=="
      },
      "WebUIToolkit.Hosting.GenericHost": {
        "type": "Direct",
        "requested": "[1.0.0, 1.0.0]",
        "resolved": "1.0.0",
        "contentHash": "HBkCzPAvl072Mt4+M9+EjCD8HfVDehlIDYM8ltuECvjW33Oz0zWSoyZ/8GPo2hRFLYhJ4s1EBjQ5T51aswL1Pw==",
        "dependencies": {
          "WebUIToolkit.Hosting": "1.0.0"
        }
      },
      "WebUIToolkit.Hosting.WebUi": {
        "type": "Direct",
        "requested": "[1.0.0, 1.0.0]",
        "resolved": "1.0.0",
        "contentHash": "ZwJgm7/MNdmFZPZxTwcchrP3qsQE6TeTwxGNr7AyUPFb8hZqlxIeUbF0el5gizcotjXDpJj/iqslpEDxJ1AKsg==",
        "dependencies": {
          "WebUIToolkit.Hosting": "1.0.0",
          "WebUIToolkit.MVVM": "1.0.0"
        }
      },
      "WebUIToolkit.MVVM": {
        "type": "Direct",
        "requested": "[1.0.0, 1.0.0]",
        "resolved": "1.0.0",
        "contentHash": "ToO/8uUEW4bs3eUkvTtaxGjOQFp6yBCtpqEm8WcYw88idjeut/d+/saf+Fuch6SmzJd1rSHwGbRs1epu91S73Q=="
      },
      "WebUIToolkit.MVVM.Flow": {
        "type": "Direct",
        "requested": "[1.0.0, 1.0.0]",
        "resolved": "1.0.0",
        "contentHash": "45ce6IWHge9bqe8N3DvW0sKl9uyUXcXFcl9aZcZoK2rq7lfOvQrqugavx0ux2pvjyXBspQHxSMqAtkp2tcdazg=="
      },
      "WebUIToolkit.TextResources": {
        "type": "Direct",
        "requested": "[1.0.0, 1.0.0]",
        "resolved": "1.0.0",
        "contentHash": "XtP6YsonKTQvZgvwNmZa6KDsj1L41F6cVhLEqemZ4y8f7Ul4rErTIlOcIVW34AzWkodPj6akhrOWKGwmv6UN+w=="
      },
      "WebUIToolkit.CommandLine.Abstractions": {
        "type": "Transitive",
        "resolved": "1.0.0",
        "contentHash": "oLAVQ0EkX+WlyTPyWpLRSHD/iM5vdDphA+hs33zT3AU6ursJDZYMhHelYEMpqV2GooiDaT5txrKxkiYDL+E7Tg=="
      },
      "WebUIToolkit.Hosting": {
        "type": "Transitive",
        "resolved": "1.0.0",
        "contentHash": "R4Xz/0RBu/sEnswWte7Rgr8aUYwWiX0ZpIu0lD7Cp3RJpSowzmbkeloa+KW/rNXX4K41ExKueXfeTvA5lY6RyQ==",
        "dependencies": {
          "WebUIToolkit.Hosting.Abstractions": "1.0.0"
        }
      },
      "WebUIToolkit.Hosting.Abstractions": {
        "type": "Transitive",
        "resolved": "1.0.0",
        "contentHash": "5jVTt0BI18BfXB3Vc0eFPCYJc1363y3lHibnwH6+1xL1GjGY7LHZ7hZNEys07fM1L72u5+oIBjFpb9FXePi3rg=="
      }
    }
  }
}